
Microsoft Visual Studio Solution File, Format Version 12.00
# Visual Studio Version 16
VisualStudioVersion = 16.0.32106.194
MinimumVisualStudioVersion = 10.0.40219.1
Project("{FAE04EC0-301F-11D3-BF4B-00C04F79EFBC}") = "BasicCrud", "BasicCrud\BasicCrud.csproj", "{D7EA2919-7275-417D-8B05-E7E9FF0ED5E2}"
EndProject
Global
	GlobalSection(SolutionConfigurationPlatforms) = preSolution
		Debug|Any CPU = Debug|Any CPU
		Release|Any CPU = Release|Any CPU
	EndGlobalSection
	GlobalSection(ProjectConfigurationPlatforms) = postSolution
		{D7EA2919-7275-417D-8B05-E7E9FF0ED5E2}.Debug|Any CPU.ActiveCfg = Debug|Any CPU
		{D7EA2919-7275-417D-8B05-E7E9FF0ED5E2}.Debug|Any CPU.Build.0 = Debug|Any CPU
		{D7EA2919-7275-417D-8B05-E7E9FF0ED5E2}.Release|Any CPU.ActiveCfg = Release|Any CPU
		{D7EA2919-7275-417D-8B05-E7E9FF0ED5E2}.Release|Any CPU.Build.0 = Release|Any CPU
	EndGlobalSection
	GlobalSection(SolutionProperties) = preSolution
		HideSolutionNode = FALSE
	EndGlobalSection
	GlobalSection(ExtensibilityGlobals) = postSolution
		SolutionGuid = {39E9FCDD-11BF-429A-97CC-B89EFB54123A}
	EndGlobalSection
EndGlobal
